<?xml version="1.0" encoding="utf-8"?>
<Project ToolsVersion="4.0" xmlns="http://schemas.microsoft.com/developer/msbuild/2003">
  <ItemGroup>
    <Filter Include="imgui">
      <UniqueIdentifier>{bf5a541c-07db-4717-be1d-f9030ea35c29}</UniqueIdentifier>
    </Filter>
    <Filter Include="Utils">
      <UniqueIdentifier>{a1b7244f-d4cf-47f9-b21f-380e16a15c5e}</UniqueIdentifier>
    </Filter>
    <Filter Include="Compute">
      <UniqueIdentifier>{b39e4b6f-00c1-43b0-9bb3-cd02ba1475bb}</UniqueIdentifier>
    </Filter>
    <Filter Include="Shaders">
      <UniqueIdentifier>{0815f073-fdd3-4730-8075-1e0e23f3808d}</UniqueIdentifier>
    </Filter>
    <Filter Include="Shaders\Compute">
      <UniqueIdentifier>{71381ef6-4d70-496d-8055-82f53bc163ca}</UniqueIdentifier>
    </Filter>
    <Filter Include="Resources">
      <UniqueIdentifier>{fc0fd3e6-0817-4db3-a2aa-f4d6cbf00ea2}</UniqueIdentifier>
    </Filter>
    <Filter Include="Shaders\Compute\Cubemap">
      <UniqueIdentifier>{28956443-aced-4f04-92f4-1dcf405d5f84}</UniqueIdentifier>
    </Filter>
    <Filter Include="Shaders\Compute\IBL">
      <UniqueIdentifier>{ca55f93a-72f0-4c58-b80c-3c991d3c11cc}</UniqueIdentifier>
    </Filter>
    <Filter Include="Graphics">
      <UniqueIdentifier>{2692766c-b033-4615-9434-d08e40b7b55a}</UniqueIdentifier>
    </Filter>
    <Filter Include="Shaders\Graphics">
      <UniqueIdentifier>{2f6c9613-cb06-47e9-bef4-4c2859fc5a81}</UniqueIdentifier>
    </Filter>
  </ItemGroup>
  <ItemGroup>
    <ClCompile Include="main.cpp" />
    <ClCompile Include="pch.cpp" />
    <ClCompile Include="..\..\depends\imgui\imgui.cpp">
      <Filter>imgui</Filter>
    </ClCompile>
    <ClCompile Include="..\..\depends\imgui\imgui_demo.cpp">
      <Filter>imgui</Filter>
    </ClCompile>
    <ClCompile Include="..\..\depends\imgui\imgui_draw.cpp">
      <Filter>imgui</Filter>
    </ClCompile>
    <ClCompile Include="..\..\depends\imgui\imgui_tables.cpp">
      <Filter>imgui</Filter>
    </ClCompile>
    <ClCompile Include="..\..\depends\imgui\imgui_widgets.cpp">
      <Filter>imgui</Filter>
    </ClCompile>
    <ClCompile Include="..\..\depends\imgui\backends\imgui_impl_dx12.cpp">
      <Filter>imgui</Filter>
    </ClCompile>
    <ClCompile Include="..\..\depends\imgui\backends\imgui_impl_win32.cpp">
      <Filter>imgui</Filter>
    </ClCompile>
    <ClCompile Include="Utils\HeapAllocator.cpp">
      <Filter>Utils</Filter>
    </ClCompile>
    <ClCompile Include="Application.cpp" />
    <ClCompile Include="Utils\EnvironmentParser.cpp">
      <Filter>Utils</Filter>
    </ClCompile>
    <ClCompile Include="Compute\IntegrateBRDF.cpp">
      <Filter>Compute</Filter>
    </ClCompile>
    <ClCompile Include="Resources\EnvironmentResources.cpp">
      <Filter>Resources</Filter>
    </ClCompile>
    <ClCompile Include="Compute\CubemapConverter.cpp">
      <Filter>Compute</Filter>
    </ClCompile>
    <ClCompile Include="Compute\DiffusePrefilterIBL.cpp">
      <Filter>Compute</Filter>
    </ClCompile>
    <ClCompile Include="Graphics\Renderer.cpp">
      <Filter>Graphics</Filter>
    </ClCompile>
  </ItemGroup>
  <ItemGroup>
    <ClInclude Include="pch.hpp" />
    <ClInclude Include="Utils\HeapAllocator.hpp">
      <Filter>Utils</Filter>
    </ClInclude>
    <ClInclude Include="Application.hpp" />
    <ClInclude Include="Utils\EnvironmentParser.hpp">
      <Filter>Utils</Filter>
    </ClInclude>
    <ClInclude Include="Utils\ReadData.hpp">
      <Filter>Utils</Filter>
    </ClInclude>
    <ClInclude Include="Compute\IntegrateBRDF.hpp">
      <Filter>Compute</Filter>
    </ClInclude>
    <ClInclude Include="Resources\EnvironmentResources.hpp">
      <Filter>Resources</Filter>
    </ClInclude>
    <ClInclude Include="Compute\CubemapConverter.hpp">
      <Filter>Compute</Filter>
    </ClInclude>
    <ClInclude Include="Compute\DiffusePrefilterIBL.hpp">
      <Filter>Compute</Filter>
    </ClInclude>
    <ClInclude Include="Graphics\Renderer.hpp">
      <Filter>Graphics</Filter>
    </ClInclude>
  </ItemGroup>
  <ItemGroup>
    <None Include="packages.config" />
    <None Include="Shaders\Graphics\CommonShade.hlsli">
      <Filter>Shaders\Graphics</Filter>
    </None>
  </ItemGroup>
  <ItemGroup>
    <FxCompile Include="Shaders\Compute\IntegrateBRDF_CS.hlsl">
      <Filter>Shaders\Compute</Filter>
    </FxCompile>
    <FxCompile Include="Shaders\Compute\Cubemap\CubemapConvertCS.hlsl">
      <Filter>Shaders\Compute\Cubemap</Filter>
    </FxCompile>
    <FxCompile Include="Shaders\Compute\Cubemap\CubemapMipCS.hlsl">
      <Filter>Shaders\Compute\Cubemap</Filter>
    </FxCompile>
    <FxCompile Include="Shaders\Compute\IBL\IBL_DiffusePrefilterCS.hlsl">
      <Filter>Shaders\Compute\IBL</Filter>
    </FxCompile>
    <FxCompile Include="Shaders\Graphics\ShadeVS.hlsl">
      <Filter>Shaders\Graphics</Filter>
    </FxCompile>
    <FxCompile Include="Shaders\Graphics\IBL_ShadePS.hlsl">
      <Filter>Shaders\Graphics</Filter>
    </FxCompile>
    <FxCompile Include="Shaders\Graphics\SH_Shade32PS.hlsl">
      <Filter>Shaders\Graphics</Filter>
    </FxCompile>
    <FxCompile Include="Shaders\Graphics\SH_Shade16PS.hlsl">
      <Filter>Shaders\Graphics</Filter>
    </FxCompile>
  </ItemGroup>
</Project>